
Microsoft Visual Studio Solution File, Format Version 12.00
# Visual Studio Version 17
VisualStudioVersion = 17.5.002.0
MinimumVisualStudioVersion = 10.0.40219.1
Project("{9A19103F-16F7-4668-BE54-9A1E7A4F7556}") = "trilha-net-azure-desafio", "trilha-net-azure-desafio.csproj", "{196B1DAA-EE3E-4F51-8DE7-83C35AAD4B5C}"
EndProject
Global
	GlobalSection(SolutionConfigurationPlatforms) = preSolution
		Debug|Any CPU = Debug|Any CPU
		Release|Any CPU = Release|Any CPU
	EndGlobalSection
	GlobalSection(ProjectConfigurationPlatforms) = postSolution
		{196B1DAA-EE3E-4F51-8DE7-83C35AAD4B5C}.Debug|Any CPU.ActiveCfg = Debug|Any CPU
		{196B1DAA-EE3E-4F51-8DE7-83C35AAD4B5C}.Debug|Any CPU.Build.0 = Debug|Any CPU
		{196B1DAA-EE3E-4F51-8DE7-83C35AAD4B5C}.Release|Any CPU.ActiveCfg = Release|Any CPU
		{196B1DAA-EE3E-4F51-8DE7-83C35AAD4B5C}.Release|Any CPU.Build.0 = Release|Any CPU
	EndGlobalSection
	GlobalSection(SolutionProperties) = preSolution
		HideSolutionNode = FALSE
	EndGlobalSection
	GlobalSection(ExtensibilityGlobals) = postSolution
		SolutionGuid = {B20522BD-78CA-4B6E-B42E-E7CB0EA31EAF}
	EndGlobalSection
EndGlobal
